
Microsoft Visual Studio Solution File, Format Version 12.00
# Visual Studio Version 17
VisualStudioVersion = 17.13.35913.81 d17.13
MinimumVisualStudioVersion = 10.0.40219.1
Project("{FAE04EC0-301F-11D3-BF4B-00C04F79EFBC}") = "matching_game_", "matching_game_\matching_game_.csproj", "{E8F12669-CFE4-4844-B249-548867338DBF}"
EndProject
Global
	GlobalSection(SolutionConfigurationPlatforms) = preSolution
		Debug|Any CPU = Debug|Any CPU
		Release|Any CPU = Release|Any CPU
	EndGlobalSection
	GlobalSection(ProjectConfigurationPlatforms) = postSolution
		{E8F12669-CFE4-4844-B249-548867338DBF}.Debug|Any CPU.ActiveCfg = Debug|Any CPU
		{E8F12669-CFE4-4844-B249-548867338DBF}.Debug|Any CPU.Build.0 = Debug|Any CPU
		{E8F12669-CFE4-4844-B249-548867338DBF}.Release|Any CPU.ActiveCfg = Release|Any CPU
		{E8F12669-CFE4-4844-B249-548867338DBF}.Release|Any CPU.Build.0 = Release|Any CPU
	EndGlobalSection
	GlobalSection(SolutionProperties) = preSolution
		HideSolutionNode = FALSE
	EndGlobalSection
	GlobalSection(ExtensibilityGlobals) = postSolution
		SolutionGuid = {23A61F54-99C9-472F-8900-C81F10013DEF}
	EndGlobalSection
EndGlobal
